Microsoft Visual Studio Solution File, Format Version 10.00
# Visual Studio 2008
Project("{8BC9CEB8-8B4A-11D0-8D11-00A0C91BC942}") = "Tutorial", "Tutorial.vcproj", "{C9C6457A-5B88-3C7F-9964-9D8EE43E7414}"
EndProject
Global
	GlobalSection(SolutionConfigurationPlatforms) = preSolution
		Debug|Win32 = Debug|Win32
		Release|Win32 = Release|Win32
	EndGlobalSection
	GlobalSection(ProjectConfigurationPlatforms) = postSolution
		{C9C6457A-5B88-3C7F-9964-9D8EE43E7414}.Debug|Win32.ActiveCfg = Debug|Win32
		{C9C6457A-5B88-3C7F-9964-9D8EE43E7414}.Debug|Win32.Build.0 = Debug|Win32
		{C9C6457A-5B88-3C7F-9964-9D8EE43E7414}.Release|Win32.ActiveCfg = Release|Win32
		{C9C6457A-5B88-3C7F-9964-9D8EE43E7414}.Release|Win32.Build.0 = Release|Win32
	EndGlobalSection
	GlobalSection(SolutionProperties) = preSolution
		HideSolutionNode = FALSE
	EndGlobalSection
EndGlobal
